<?xml version="1.0" encoding="utf-8"?>
<Project ToolsVersion="4.0" xmlns="http://schemas.microsoft.com/developer/msbuild/2003">
  <ItemGroup>
    <Filter Include="win32">
      <UniqueIdentifier>{84a8ebd7-7cf0-47f6-b75e-d441df67da40}</UniqueIdentifier>
    </Filter>
    <Filter Include="resource">
      <UniqueIdentifier>{715254bc-d70b-4ec5-bf29-467dd3ace079}</UniqueIdentifier>
    </Filter>
    <Filter Include="src">
      <UniqueIdentifier>{bb6c862e-70e9-49d9-81b7-3829a6f50471}</UniqueIdentifier>
    </Filter>
  </ItemGroup>
  <ItemGroup>
    <ClCompile Include="main.cpp">
      <Filter>win32</Filter>
    </ClCompile>
    <ClCompile Include="..\Classes\src\AppDelegate.cpp">
      <Filter>src</Filter>
    </ClCompile>
    <ClCompile Include="..\Classes\src\GameOverScene.cpp">
      <Filter>src</Filter>
    </ClCompile>
    <ClCompile Include="..\Classes\src\GameScene.cpp">
      <Filter>src</Filter>
    </ClCompile>
    <ClCompile Include="..\Classes\src\MainMenuScene.cpp">
      <Filter>src</Filter>
    </ClCompile>
    <ClCompile Include="..\Classes\src\PauseScene.cpp">
      <Filter>src</Filter>
    </ClCompile>
    <ClCompile Include="..\Classes\src\GameData.cpp">
      <Filter>src</Filter>
    </ClCompile>
    <ClCompile Include="..\Classes\src\LevelLoader.cpp">
      <Filter>src</Filter>
    </ClCompile>
    <ClCompile Include="..\Classes\src\SplashScene.cpp">
      <Filter>src</Filter>
    </ClCompile>
    <ClCompile Include="..\Classes\src\OptionsScene.cpp">
      <Filter>src</Filter>
    </ClCompile>
    <ClCompile Include="..\Classes\src\Player.cpp">
      <Filter>src</Filter>
    </ClCompile>
    <ClCompile Include="..\Classes\src\HUD.cpp">
      <Filter>src</Filter>
    </ClCompile>
    <ClCompile Include="..\Classes\src\TowerBase.cpp">
      <Filter>src</Filter>
    </ClCompile>
    <ClCompile Include="..\Classes\src\Coin.cpp">
      <Filter>src</Filter>
    </ClCompile>
    <ClCompile Include="..\Classes\src\Taxi.cpp">
      <Filter>src</Filter>
    </ClCompile>
    <ClCompile Include="..\Classes\src\Ambulance.cpp">
      <Filter>src</Filter>
    </ClCompile>
    <ClCompile Include="..\Classes\src\MiniTruck.cpp">
      <Filter>src</Filter>
    </ClCompile>
    <ClCompile Include="..\Classes\src\Police.cpp">
      <Filter>src</Filter>
    </ClCompile>
    <ClCompile Include="..\Classes\src\Truck.cpp">
      <Filter>src</Filter>
    </ClCompile>
    <ClCompile Include="..\Classes\src\LoadingScene.cpp">
      <Filter>src</Filter>
    </ClCompile>
    <ClCompile Include="..\Classes\src\PowerUp.cpp">
      <Filter>src</Filter>
    </ClCompile>
    <ClCompile Include="..\Classes\src\EndlessMode.cpp">
      <Filter>src</Filter>
    </ClCompile>
    <ClCompile Include="..\Classes\src\EndlessGameOver.cpp">
      <Filter>src</Filter>
    </ClCompile>
    <ClCompile Include="..\Classes\src\Level2.cpp">
      <Filter>src</Filter>
    </ClCompile>
    <ClCompile Include="..\Classes\src\Bike.cpp">
      <Filter>src</Filter>
    </ClCompile>
    <ClCompile Include="..\Classes\src\Global.cpp">
      <Filter>src</Filter>
    </ClCompile>
    <ClCompile Include="..\Classes\src\GameCompleteScene.cpp">
      <Filter>src</Filter>
    </ClCompile>
    <ClCompile Include="..\Classes\src\TutorialInfo1.cpp">
      <Filter>src</Filter>
    </ClCompile>
    <ClCompile Include="..\Classes\src\TutorialInfo2.cpp">
      <Filter>src</Filter>
    </ClCompile>
    <ClCompile Include="..\Classes\src\TutorialInfo3.cpp">
      <Filter>src</Filter>
    </ClCompile>
    <ClCompile Include="..\Classes\src\TutorialInfo4.cpp">
      <Filter>src</Filter>
    </ClCompile>
    <ClCompile Include="..\Classes\src\TutorialOverScene.cpp">
      <Filter>src</Filter>
    </ClCompile>
    <ClCompile Include="..\Classes\src\TutorialPauseScene.cpp">
      <Filter>src</Filter>
    </ClCompile>
    <ClCompile Include="..\Classes\src\ChooseModeScene.cpp">
      <Filter>src</Filter>
    </ClCompile>
  </ItemGroup>
  <ItemGroup>
    <ClInclude Include="main.h">
      <Filter>win32</Filter>
    </ClInclude>
    <ClInclude Include="..\Classes\include\AppDelegate.h">
      <Filter>src</Filter>
    </ClInclude>
    <ClInclude Include="..\Classes\include\GameOverScene.h">
      <Filter>src</Filter>
    </ClInclude>
    <ClInclude Include="..\Classes\include\GameScene.h">
      <Filter>src</Filter>
    </ClInclude>
    <ClInclude Include="..\Classes\include\MainMenuScene.h">
      <Filter>src</Filter>
    </ClInclude>
    <ClInclude Include="..\Classes\include\PauseScene.h">
      <Filter>src</Filter>
    </ClInclude>
    <ClInclude Include="..\Classes\include\GameData.h">
      <Filter>src</Filter>
    </ClInclude>
    <ClInclude Include="..\Classes\include\LevelLoader.h">
      <Filter>src</Filter>
    </ClInclude>
    <ClInclude Include="..\Classes\include\SplashScene.h">
      <Filter>src</Filter>
    </ClInclude>
    <ClInclude Include="..\Classes\include\OptionsScene.h">
      <Filter>src</Filter>
    </ClInclude>
    <ClInclude Include="..\Classes\include\Player.h">
      <Filter>src</Filter>
    </ClInclude>
    <ClInclude Include="..\Classes\include\HUD.h">
      <Filter>src</Filter>
    </ClInclude>
    <ClInclude Include="..\Classes\include\GameStates.h">
      <Filter>src</Filter>
    </ClInclude>
    <ClInclude Include="..\Classes\include\TowerBase.h">
      <Filter>src</Filter>
    </ClInclude>
    <ClInclude Include="..\Classes\include\Coin.h">
      <Filter>src</Filter>
    </ClInclude>
    <ClInclude Include="..\Classes\include\Taxi.h">
      <Filter>src</Filter>
    </ClInclude>
    <ClInclude Include="..\Classes\include\Ambulance.h">
      <Filter>src</Filter>
    </ClInclude>
    <ClInclude Include="..\Classes\include\MiniTruck.h">
      <Filter>src</Filter>
    </ClInclude>
    <ClInclude Include="..\Classes\include\Police.h">
      <Filter>src</Filter>
    </ClInclude>
    <ClInclude Include="..\Classes\include\Truck.h">
      <Filter>src</Filter>
    </ClInclude>
    <ClInclude Include="..\Classes\include\LoadingScene.h">
      <Filter>src</Filter>
    </ClInclude>
    <ClInclude Include="..\Classes\include\PowerUp.h">
      <Filter>src</Filter>
    </ClInclude>
    <ClInclude Include="..\Classes\include\EndlessMode.h">
      <Filter>src</Filter>
    </ClInclude>
    <ClInclude Include="..\Classes\include\EndlessGameOver.h">
      <Filter>src</Filter>
    </ClInclude>
    <ClInclude Include="..\Classes\include\Level2.h">
      <Filter>src</Filter>
    </ClInclude>
    <ClInclude Include="..\Classes\include\Bike.h">
      <Filter>src</Filter>
    </ClInclude>
    <ClInclude Include="..\Classes\include\Global.h">
      <Filter>src</Filter>
    </ClInclude>
    <ClInclude Include="..\Classes\include\GameCompleteScene.h">
      <Filter>src</Filter>
    </ClInclude>
    <ClInclude Include="..\Classes\include\TutorialInfo1.h">
      <Filter>src</Filter>
    </ClInclude>
    <ClInclude Include="..\Classes\include\TutorialInfo2.h">
      <Filter>src</Filter>
    </ClInclude>
    <ClInclude Include="..\Classes\include\TutorialInfo3.h">
      <Filter>src</Filter>
    </ClInclude>
    <ClInclude Include="..\Classes\include\TutorialInfo4.h">
      <Filter>src</Filter>
    </ClInclude>
    <ClInclude Include="..\Classes\include\TutorialOverScene.h">
      <Filter>src</Filter>
    </ClInclude>
    <ClInclude Include="..\Classes\include\TutorialPauseScene.h">
      <Filter>src</Filter>
    </ClInclude>
    <ClInclude Include="..\Classes\include\ChooseModeScene.h">
      <Filter>src</Filter>
    </ClInclude>
  </ItemGroup>
  <ItemGroup>
    <ResourceCompile Include="game.rc">
      <Filter>resource</Filter>
    </ResourceCompile>
  </ItemGroup>
</Project>